{
  "version": 4,
  "terraform_version": "1.5.0",
  "serial": 70,
  "lineage": "a7307496-a5fd-e03c-8538-465c025af2ca",
  "outputs": {
    "firewall_id": {
      "value": "933852",
      "type": "string"
    },
    "server_ip": {
      "value": "91.107.207.75",
      "type": "string"
    }
  },
  "resources": [
    {
      "mode": "managed",
      "type": "hcloud_firewall",
      "name": "internal_testing",
      "provider": "provider[\"registry.terraform.io/hetznercloud/hcloud\"]",
      "instances": [
        {
          "schema_version": 0,
          "attributes": {
            "apply_to": [],
            "id": "933852",
            "labels": {},
            "name": "internal-testing",
            "rule": [
              {
                "description": "",
                "destination_ips": [],
                "direction": "in",
                "port": "80",
                "protocol": "tcp",
                "source_ips": [
                  "18.158.69.72/32",
                  "188.252.197.127/32"
                ]
              }
            ]
          },
          "sensitive_attributes": [],
          "private": "bnVsbA=="
        }
      ]
    },
    {
      "mode": "managed",
      "type": "hcloud_primary_ip",
      "name": "internal_testing_ip",
      "provider": "provider[\"registry.terraform.io/hetznercloud/hcloud\"]",
      "instances": [
        {
          "schema_version": 0,
          "attributes": {
            "assignee_id": 0,
            "assignee_type": "server",
            "auto_delete": true,
            "datacenter": "fsn1-dc14",
            "delete_protection": false,
            "id": "33125183",
            "ip_address": "91.107.207.75",
            "ip_network": null,
            "labels": {
              "ip": "internal_testing"
            },
            "name": "internal_testing_ip",
            "type": "ipv4"
          },
          "sensitive_attributes": [],
          "private": "bnVsbA=="
        }
      ]
    },
    {
      "mode": "managed",
      "type": "hcloud_server",
      "name": "internal-testing",
      "provider": "provider[\"registry.terraform.io/hetznercloud/hcloud\"]",
      "instances": [
        {
          "schema_version": 0,
          "attributes": {
            "allow_deprecated_images": false,
            "backup_window": "",
            "backups": false,
            "datacenter": "fsn1-dc14",
            "delete_protection": false,
            "firewall_ids": [
              933852
            ],
            "id": "33925887",
            "ignore_remote_firewall_ids": false,
            "image": "ubuntu-22.04",
            "ipv4_address": "91.107.207.75",
            "ipv6_address": "\u003cnil\u003e",
            "ipv6_network": "\u003cnil\u003e",
            "iso": null,
            "keep_disk": false,
            "labels": null,
            "location": "fsn1",
            "name": "internal-testing",
            "network": [],
            "placement_group_id": null,
            "public_net": [
              {
                "ipv4": 33125183,
                "ipv4_enabled": true,
                "ipv6": 0,
                "ipv6_enabled": false
              }
            ],
            "rebuild_protection": false,
            "rescue": null,
            "server_type": "cx11",
            "ssh_keys": [
              "11888326"
            ],
            "status": "running",
            "timeouts": null,
            "user_data": "IfBJJyW/g4bamRID8Ev3TcC7WA8="
          },
          "sensitive_attributes": [],
          "private": "eyJlMmJmYjczMC1lY2FhLTExZTYtOGY4OC0zNDM2M2JjN2M0YzAiOnsiY3JlYXRlIjo1NDAwMDAwMDAwMDAwfX0=",
          "dependencies": [
            "hcloud_firewall.internal_testing",
            "hcloud_primary_ip.internal_testing_ip",
            "hcloud_ssh_key.default"
          ]
        }
      ]
    },
    {
      "mode": "managed",
      "type": "hcloud_ssh_key",
      "name": "default",
      "provider": "provider[\"registry.terraform.io/hetznercloud/hcloud\"]",
      "instances": [
        {
          "schema_version": 0,
          "attributes": {
            "fingerprint": "02:99:e3:6a:2d:59:44:32:b7:e2:42:f3:53:10:f5:77",
            "id": "11888326",
            "labels": null,
            "name": "shared public key",
            "public_key": "ssh-rsa AAAAB3NzaC1yc2EAAAADAQABAAACAQDEnD5cXzTNQWxmPixbhJ3Ut4J5V7PTaAOfAQhiw2qdvVbrOPnCyzfUYJIz+SstmnrQLwhkQHWahNMFj5C10mHuM1XG+BFQLk7GDhUOkuvdsIIhIkQ4UW3tHvPsrnOWwpfJZTH6erI74iV8JTliI8FgEGrnZ21AOdaGr5a3/ubWH7CJgypmPpC/JZc8Rrt6cOwcZum3VmXjMDnl6hxowecKEgLeekd+ZI0ZcdpPj552i+0P5OjUhjbgpei9knv2YqJqIwDUp6NNmQCmVqRAfjzjCRUVEi/yCH4tRabCoqKHrs6NCYpHFmOp31xt0aBLKKCc2BNAl1Pr190NKIKZcmua75QhfH+qvqmUob/fm7iaAJ+FKfq6dUWfF+AFS8fjWNo28ziYYQgbRquF6pVps912+rj2fIVz1fzFHeP17C/ERFluhtyhrOriLUOOhrJB2+Io+NM9RWl3z3qCbKHBKpzt8EMv0kPLlwkYCt1FQHarx+olbMSPyTu0UEdZLAGjL78UIPGf4Ks+rurOOjbBW5WoW3IVnFRhekAJqT1axo96ClChENQ7WnuZ5es5MxLHMYEgrdCRaDho8UYhKy/6nQrYcEbeALGQdxYp8ZD4uA3+n/1eqTxySLa1JaPdNoNBb0R38OOIjZPqc0jUD62ZqCZxPPCponna9GFxM4OWfTooYQ== tmikulin@gmail.com\n"
          },
          "sensitive_attributes": [],
          "private": "bnVsbA=="
        }
      ]
    }
  ],
  "check_results": null
}
